# THIS IS AN AUTOGENERATED FILE. DO NOT EDIT THIS FILE DIRECTLY.
# yarn lockfile v1


snabbdom@^3.0.1:
  version "3.3.1"
  resolved "https://registry.yarnpkg.com/snabbdom/-/snabbdom-3.3.1.tgz#a2fb9a1c85cc19d6dc11c4c5e4c78cbbbaafff1f"
  integrity sha512-FR9u20dCkktPd+qbedqwYNjMXzYhizhqlKTQzYZimLNeCJY0/5qgs0DtLVSmzIEL1bN3Dyb9sQpiHGCxUjyLnQ==
